<?xml version="1.0" encoding="utf-8"?>
<Project ToolsVersion="4.0" xmlns="http://schemas.microsoft.com/developer/msbuild/2003">
  <ItemGroup>
    <ClCompile Include="Engine.cpp" />
    <ClCompile Include="Memory\Pool.cpp">
      <Filter>Memory</Filter>
    </ClCompile>
    <ClCompile Include="Memory\Stack.cpp">
      <Filter>Memory</Filter>
    </ClCompile>
    <ClCompile Include="Rendering\OpenGL.cpp">
      <Filter>Rendering</Filter>
    </ClCompile>
    <ClCompile Include="Settings\Settings.cpp">
      <Filter>Settings</Filter>
    </ClCompile>
    <ClCompile Include="Window\Window.cpp">
      <Filter>Window</Filter>
    </ClCompile>
  </ItemGroup>
  <ItemGroup>
    <ClInclude Include="Engine.h" />
    <ClInclude Include="Audio\AudioManager.h">
      <Filter>Audio</Filter>
    </ClInclude>
    <ClInclude Include="Debugging\Macros.h">
      <Filter>Debugging</Filter>
    </ClInclude>
    <ClInclude Include="Math\Matrix.h">
      <Filter>Math</Filter>
    </ClInclude>
    <ClInclude Include="Object.h">
      <Filter>Math</Filter>
    </ClInclude>
    <ClInclude Include="Memory\Pool.h">
      <Filter>Memory</Filter>
    </ClInclude>
    <ClInclude Include="Memory\Stack.h">
      <Filter>Memory</Filter>
    </ClInclude>
    <ClInclude Include="Rendering\OpenGL.h">
      <Filter>Rendering</Filter>
    </ClInclude>
    <ClInclude Include="Settings\Settings.h">
      <Filter>Settings</Filter>
    </ClInclude>
    <ClInclude Include="Math\Vector.h">
      <Filter>Math</Filter>
    </ClInclude>
    <ClInclude Include="Window\Window.h">
      <Filter>Window</Filter>
    </ClInclude>
  </ItemGroup>
  <ItemGroup>
    <Filter Include="Audio">
      <UniqueIdentifier>{16e372f4-efb3-45c9-a19c-738f38c88c2e}</UniqueIdentifier>
    </Filter>
    <Filter Include="Debugging">
      <UniqueIdentifier>{19d37234-af9a-4710-99dd-88cb757bc5f4}</UniqueIdentifier>
    </Filter>
    <Filter Include="Math">
      <UniqueIdentifier>{3ebb24a9-8e61-44a9-822b-40778056ff20}</UniqueIdentifier>
    </Filter>
    <Filter Include="Memory">
      <UniqueIdentifier>{9964eed3-106e-4448-b6df-29737f6c3d58}</UniqueIdentifier>
    </Filter>
    <Filter Include="Menus">
      <UniqueIdentifier>{d7ca9b28-31ed-401c-98cc-85c68a16f3cd}</UniqueIdentifier>
    </Filter>
    <Filter Include="Rendering">
      <UniqueIdentifier>{f79beb05-cf55-4818-a8d8-5b4bcbff427e}</UniqueIdentifier>
    </Filter>
    <Filter Include="Settings">
      <UniqueIdentifier>{ac769fe6-12b1-43c7-bdd4-3a9c449e46b6}</UniqueIdentifier>
    </Filter>
    <Filter Include="Window">
      <UniqueIdentifier>{89f8bb06-94b1-4fa3-b147-f881b1297446}</UniqueIdentifier>
    </Filter>
  </ItemGroup>
</Project>